// !$*UTF8*$!
{
	archiveVersion = 1;
	classes = {
	};
	objectVersion = 50;
	objects = {

/* Begin PBXBuildFile section */
		5592727122434EBB0029C9DE /* AppDelegate.swift in Sources */ = {isa = PBXBuildFile; fileRef = 5592727022434EBB0029C9DE /* AppDelegate.swift */; };
		5592727322434EBC0029C9DE /* ViewController.swift in Sources */ = {isa = PBXBuildFile; fileRef = 5592727222434EBC0029C9DE /* ViewController.swift */; };
		5592727622434EBC0029C9DE /* Main.storyboard in Resources */ = {isa = PBXBuildFile; fileRef = 5592727422434EBC0029C9DE /* Main.storyboard */; };
		5592727822434EBD0029C9DE /* Assets.xcassets in Resources */ = {isa = PBXBuildFile; fileRef = 5592727722434EBD0029C9DE /* Assets.xcassets */; };
		5592727B22434EBD0029C9DE /* LaunchScreen.storyboard in Resources */ = {isa = PBXBuildFile; fileRef = 5592727922434EBD0029C9DE /* LaunchScreen.storyboard */; };
		559272902245DE610029C9DE /* Calculator.framework in Frameworks */ = {isa = PBXBuildFile; fileRef = 559272872245DE610029C9DE /* Calculator.framework */; };
		559272972245DE610029C9DE /* CalculatorTests.swift in Sources */ = {isa = PBXBuildFile; fileRef = 559272962245DE610029C9DE /* CalculatorTests.swift */; };
		559272992245DE610029C9DE /* Calculator.h in Headers */ = {isa = PBXBuildFile; fileRef = 559272892245DE610029C9DE /* Calculator.h */; settings = {ATTRIBUTES = (Public, ); }; };
		5592729C2245DE610029C9DE /* Calculator.framework in Frameworks */ = {isa = PBXBuildFile; fileRef = 559272872245DE610029C9DE /* Calculator.framework */; };
		5592729D2245DE610029C9DE /* Calculator.framework in Embed Frameworks */ = {isa = PBXBuildFile; fileRef = 559272872245DE610029C9DE /* Calculator.framework */; settings = {ATTRIBUTES = (CodeSignOnCopy, RemoveHeadersOnCopy, ); }; };
		559272A62245DEA40029C9DE /* Calculator.swift in Sources */ = {isa = PBXBuildFile; fileRef = 559272A52245DEA40029C9DE /* Calculator.swift */; };
/* End PBXBuildFile section */

/* Begin PBXContainerItemProxy section */
		559272912245DE610029C9DE /* PBXContainerItemProxy */ = {
			isa = PBXContainerItemProxy;
			containerPortal = 5592726522434EBB0029C9DE /* Project object */;
			proxyType = 1;
			remoteGlobalIDString = 559272862245DE610029C9DE;
			remoteInfo = Calculator;
		};
		559272932245DE610029C9DE /* PBXContainerItemProxy */ = {
			isa = PBXContainerItemProxy;
			containerPortal = 5592726522434EBB0029C9DE /* Project object */;
			proxyType = 1;
			remoteGlobalIDString = 5592726C22434EBB0029C9DE;
			remoteInfo = CalculatorApp;
		};
		5592729A2245DE610029C9DE /* PBXContainerItemProxy */ = {
			isa = PBXContainerItemProxy;
			containerPortal = 5592726522434EBB0029C9DE /* Project object */;
			proxyType = 1;
			remoteGlobalIDString = 559272862245DE610029C9DE;
			remoteInfo = Calculator;
		};
/* End PBXContainerItemProxy section */

/* Begin PBXCopyFilesBuildPhase section */
		559272A12245DE610029C9DE /* Embed Frameworks */ = {
			isa = PBXCopyFilesBuildPhase;
			buildActionMask = 2147483647;
			dstPath = "";
			dstSubfolderSpec = 10;
			files = (
				5592729D2245DE610029C9DE /* Calculator.framework in Embed Frameworks */,
			);
			name = "Embed Frameworks";
			runOnlyForDeploymentPostprocessing = 0;
		};
/* End PBXCopyFilesBuildPhase section */

/* Begin PBXFileReference section */
		5592726D22434EBB0029C9DE /* CalculatorApp.app */ = {isa = PBXFileReference; explicitFileType = wrapper.application; includeInIndex = 0; path = CalculatorApp.app; sourceTree = BUILT_PRODUCTS_DIR; };
		5592727022434EBB0029C9DE /* AppDelegate.swift */ = {isa = PBXFileReference; lastKnownFileType = sourcecode.swift; path = AppDelegate.swift; sourceTree = "<group>"; };
		5592727222434EBC0029C9DE /* ViewController.swift */ = {isa = PBXFileReference; lastKnownFileType = sourcecode.swift; path = ViewController.swift; sourceTree = "<group>"; };
		5592727522434EBC0029C9DE /* Base */ = {isa = PBXFileReference; lastKnownFileType = file.storyboard; name = Base; path = Base.lproj/Main.storyboard; sourceTree = "<group>"; };
		5592727722434EBD0029C9DE /* Assets.xcassets */ = {isa = PBXFileReference; lastKnownFileType = folder.assetcatalog; path = Assets.xcassets; sourceTree = "<group>"; };
		5592727A22434EBD0029C9DE /* Base */ = {isa = PBXFileReference; lastKnownFileType = file.storyboard; name = Base; path = Base.lproj/LaunchScreen.storyboard; sourceTree = "<group>"; };
		5592727C22434EBD0029C9DE /* Info.plist */ = {isa = PBXFileReference; lastKnownFileType = text.plist.xml; path = Info.plist; sourceTree = "<group>"; };
		559272872245DE610029C9DE /* Calculator.framework */ = {isa = PBXFileReference; explicitFileType = wrapper.framework; includeInIndex = 0; path = Calculator.framework; sourceTree = BUILT_PRODUCTS_DIR; };
		559272892245DE610029C9DE /* Calculator.h */ = {isa = PBXFileReference; lastKnownFileType = sourcecode.c.h; path = Calculator.h; sourceTree = "<group>"; };
		5592728A2245DE610029C9DE /* Info.plist */ = {isa = PBXFileReference; lastKnownFileType = text.plist.xml; path = Info.plist; sourceTree = "<group>"; };
		5592728F2245DE610029C9DE /* CalculatorTests.xctest */ = {isa = PBXFileReference; explicitFileType = wrapper.cfbundle; includeInIndex = 0; path = CalculatorTests.xctest; sourceTree = BUILT_PRODUCTS_DIR; };
		559272962245DE610029C9DE /* CalculatorTests.swift */ = {isa = PBXFileReference; lastKnownFileType = sourcecode.swift; path = CalculatorTests.swift; sourceTree = "<group>"; };
		559272982245DE610029C9DE /* Info.plist */ = {isa = PBXFileReference; lastKnownFileType = text.plist.xml; path = Info.plist; sourceTree = "<group>"; };
		559272A52245DEA40029C9DE /* Calculator.swift */ = {isa = PBXFileReference; lastKnownFileType = sourcecode.swift; path = Calculator.swift; sourceTree = "<group>"; };
/* End PBXFileReference section */

/* Begin PBXFrameworksBuildPhase section */
		5592726A22434EBB0029C9DE /* Frameworks */ = {
			isa = PBXFrameworksBuildPhase;
			buildActionMask = 2147483647;
			files = (
				5592729C2245DE610029C9DE /* Calculator.framework in Frameworks */,
			);
			runOnlyForDeploymentPostprocessing = 0;
		};
		559272842245DE610029C9DE /* Frameworks */ = {
			isa = PBXFrameworksBuildPhase;
			buildActionMask = 2147483647;
			files = (
			);
			runOnlyForDeploymentPostprocessing = 0;
		};
		5592728C2245DE610029C9DE /* Frameworks */ = {
			isa = PBXFrameworksBuildPhase;
			buildActionMask = 2147483647;
			files = (
				559272902245DE610029C9DE /* Calculator.framework in Frameworks */,
			);
			runOnlyForDeploymentPostprocessing = 0;
		};
/* End PBXFrameworksBuildPhase section */

/* Begin PBXGroup section */
		5592726422434EBB0029C9DE = {
			isa = PBXGroup;
			children = (
				5592726F22434EBB0029C9DE /* CalculatorApp */,
				559272882245DE610029C9DE /* Calculator */,
				559272952245DE610029C9DE /* CalculatorTests */,
				5592726E22434EBB0029C9DE /* Products */,
			);
			sourceTree = "<group>";
		};
		5592726E22434EBB0029C9DE /* Products */ = {
			isa = PBXGroup;
			children = (
				5592726D22434EBB0029C9DE /* CalculatorApp.app */,
				559272872245DE610029C9DE /* Calculator.framework */,
				5592728F2245DE610029C9DE /* CalculatorTests.xctest */,
			);
			name = Products;
			sourceTree = "<group>";
		};
		5592726F22434EBB0029C9DE /* CalculatorApp */ = {
			isa = PBXGroup;
			children = (
				5592727022434EBB0029C9DE /* AppDelegate.swift */,
				5592727222434EBC0029C9DE /* ViewController.swift */,
				5592727422434EBC0029C9DE /* Main.storyboard */,
				5592727722434EBD0029C9DE /* Assets.xcassets */,
				5592727922434EBD0029C9DE /* LaunchScreen.storyboard */,
				5592727C22434EBD0029C9DE /* Info.plist */,
			);
			path = CalculatorApp;
			sourceTree = "<group>";
		};
		559272882245DE610029C9DE /* Calculator */ = {
			isa = PBXGroup;
			children = (
				559272892245DE610029C9DE /* Calculator.h */,
				5592728A2245DE610029C9DE /* Info.plist */,
				559272A52245DEA40029C9DE /* Calculator.swift */,
			);
			path = Calculator;
			sourceTree = "<group>";
		};
		559272952245DE610029C9DE /* CalculatorTests */ = {
			isa = PBXGroup;
			children = (
				559272962245DE610029C9DE /* CalculatorTests.swift */,
				559272982245DE610029C9DE /* Info.plist */,
			);
			path = CalculatorTests;
			sourceTree = "<group>";
		};
/* End PBXGroup section */

/* Begin PBXHeadersBuildPhase section */
		559272822245DE610029C9DE /* Headers */ = {
			isa = PBXHeadersBuildPhase;
			buildActionMask = 2147483647;
			files = (
				559272992245DE610029C9DE /* Calculator.h in Headers */,
			);
			runOnlyForDeploymentPostprocessing = 0;
		};
/* End PBXHeadersBuildPhase section */

/* Begin PBXNativeTarget section */
		5592726C22434EBB0029C9DE /* CalculatorApp */ = {
			isa = PBXNativeTarget;
			buildConfigurationList = 5592727F22434EBD0029C9DE /* Build configuration list for PBXNativeTarget "CalculatorApp" */;
			buildPhases = (
				5592726922434EBB0029C9DE /* Sources */,
				5592726A22434EBB0029C9DE /* Frameworks */,
				5592726B22434EBB0029C9DE /* Resources */,
				559272A12245DE610029C9DE /* Embed Frameworks */,
			);
			buildRules = (
			);
			dependencies = (
				5592729B2245DE610029C9DE /* PBXTargetDependency */,
			);
			name = CalculatorApp;
			productName = CalculatorApp;
			productReference = 5592726D22434EBB0029C9DE /* CalculatorApp.app */;
			productType = "com.apple.product-type.application";
		};
		559272862245DE610029C9DE /* Calculator */ = {
			isa = PBXNativeTarget;
			buildConfigurationList = 5592729E2245DE610029C9DE /* Build configuration list for PBXNativeTarget "Calculator" */;
			buildPhases = (
				559272822245DE610029C9DE /* Headers */,
				559272832245DE610029C9DE /* Sources */,
				559272842245DE610029C9DE /* Frameworks */,
				559272852245DE610029C9DE /* Resources */,
			);
			buildRules = (
			);
			dependencies = (
			);
			name = Calculator;
			productName = Calculator;
			productReference = 559272872245DE610029C9DE /* Calculator.framework */;
			productType = "com.apple.product-type.framework";
		};
		5592728E2245DE610029C9DE /* CalculatorTests */ = {
			isa = PBXNativeTarget;
			buildConfigurationList = 559272A22245DE610029C9DE /* Build configuration list for PBXNativeTarget "CalculatorTests" */;
			buildPhases = (
				5592728B2245DE610029C9DE /* Sources */,
				5592728C2245DE610029C9DE /* Frameworks */,
				5592728D2245DE610029C9DE /* Resources */,
			);
			buildRules = (
			);
			dependencies = (
				559272922245DE610029C9DE /* PBXTargetDependency */,
				559272942245DE610029C9DE /* PBXTargetDependency */,
			);
			name = CalculatorTests;
			productName = CalculatorTests;
			productReference = 5592728F2245DE610029C9DE /* CalculatorTests.xctest */;
			productType = "com.apple.product-type.bundle.unit-test";
		};
/* End PBXNativeTarget section */

/* Begin PBXProject section */
		5592726522434EBB0029C9DE /* Project object */ = {
			isa = PBXProject;
			attributes = {
				LastSwiftUpdateCheck = 1010;
				LastUpgradeCheck = 1010;
				ORGANIZATIONNAME = "Falcon Tech";
				TargetAttributes = {
					5592726C22434EBB0029C9DE = {
						CreatedOnToolsVersion = 10.1;
					};
					559272862245DE610029C9DE = {
						CreatedOnToolsVersion = 10.1;
						LastSwiftMigration = 1010;
					};
					5592728E2245DE610029C9DE = {
						CreatedOnToolsVersion = 10.1;
						TestTargetID = 5592726C22434EBB0029C9DE;
					};
				};
			};
			buildConfigurationList = 5592726822434EBB0029C9DE /* Build configuration list for PBXProject "CalculatorApp" */;
			compatibilityVersion = "Xcode 9.3";
			developmentRegion = en;
			hasScannedForEncodings = 0;
			knownRegions = (
				en,
				Base,
			);
			mainGroup = 5592726422434EBB0029C9DE;
			productRefGroup = 5592726E22434EBB0029C9DE /* Products */;
			projectDirPath = "";
			projectRoot = "";
			targets = (
				5592726C22434EBB0029C9DE /* CalculatorApp */,
				559272862245DE610029C9DE /* Calculator */,
				5592728E2245DE610029C9DE /* CalculatorTests */,
			);
		};
/* End PBXProject section */

/* Begin PBXResourcesBuildPhase section */
		5592726B22434EBB0029C9DE /* Resources */ = {
			isa = PBXResourcesBuildPhase;
			buildActionMask = 2147483647;
			files = (
				5592727B22434EBD0029C9DE /* LaunchScreen.storyboard in Resources */,
				5592727822434EBD0029C9DE /* Assets.xcassets in Resources */,
				5592727622434EBC0029C9DE /* Main.storyboard in Resources */,
			);
			runOnlyForDeploymentPostprocessing = 0;
		};
		559272852245DE610029C9DE /* Resources */ = {
			isa = PBXResourcesBuildPhase;
			buildActionMask = 2147483647;
			files = (
			);
			runOnlyForDeploymentPostprocessing = 0;
		};
		5592728D2245DE610029C9DE /* Resources */ = {
			isa = PBXResourcesBuildPhase;
			buildActionMask = 2147483647;
			files = (
			);
			runOnlyForDeploymentPostprocessing = 0;
		};
/* End PBXResourcesBuildPhase section */

/* Begin PBXSourcesBuildPhase section */
		5592726922434EBB0029C9DE /* Sources */ = {
			isa = PBXSourcesBuildPhase;
			buildActionMask = 2147483647;
			files = (
				5592727322434EBC0029C9DE /* ViewController.swift in Sources */,
				5592727122434EBB0029C9DE /* AppDelegate.swift in Sources */,
			);
			runOnlyForDeploymentPostprocessing = 0;
		};
		559272832245DE610029C9DE /* Sources */ = {
			isa = PBXSourcesBuildPhase;
			buildActionMask = 2147483647;
			files = (
				559272A62245DEA40029C9DE /* Calculator.swift in Sources */,
			);
			runOnlyForDeploymentPostprocessing = 0;
		};
		5592728B2245DE610029C9DE /* Sources */ = {
			isa = PBXSourcesBuildPhase;
			buildActionMask = 2147483647;
			files = (
				559272972245DE610029C9DE /* CalculatorTests.swift in Sources */,
			);
			runOnlyForDeploymentPostprocessing = 0;
		};
/* End PBXSourcesBuildPhase section */

/* Begin PBXTargetDependency section */
		559272922245DE610029C9DE /* PBXTargetDependency */ = {
			isa = PBXTargetDependency;
			target = 559272862245DE610029C9DE /* Calculator */;
			targetProxy = 559272912245DE610029C9DE /* PBXContainerItemProxy */;
		};
		559272942245DE610029C9DE /* PBXTargetDependency */ = {
			isa = PBXTargetDependency;
			target = 5592726C22434EBB0029C9DE /* CalculatorApp */;
			targetProxy = 559272932245DE610029C9DE /* PBXContainerItemProxy */;
		};
		5592729B2245DE610029C9DE /* PBXTargetDependency */ = {
			isa = PBXTargetDependency;
			target = 559272862245DE610029C9DE /* Calculator */;
			targetProxy = 5592729A2245DE610029C9DE /* PBXContainerItemProxy */;
		};
/* End PBXTargetDependency section */

/* Begin PBXVariantGroup section */
		5592727422434EBC0029C9DE /* Main.storyboard */ = {
			isa = PBXVariantGroup;
			children = (
				5592727522434EBC0029C9DE /* Base */,
			);
			name = Main.storyboard;
			sourceTree = "<group>";
		};
		5592727922434EBD0029C9DE /* LaunchScreen.storyboard */ = {
			isa = PBXVariantGroup;
			children = (
				5592727A22434EBD0029C9DE /* Base */,
			);
			name = LaunchScreen.storyboard;
			sourceTree = "<group>";
		};
/* End PBXVariantGroup section */

/* Begin XCBuildConfiguration section */
		5592727D22434EBD0029C9DE /* Debug */ = {
			isa = XCBuildConfiguration;
			buildSettings = {
				ALWAYS_SEARCH_USER_PATHS = NO;
				CLANG_ANALYZER_NONNULL = YES;
				CLANG_ANALYZER_NUMBER_OBJECT_CONVERSION = YES_AGGRESSIVE;
				CLANG_CXX_LANGUAGE_STANDARD = "gnu++14";
				CLANG_CXX_LIBRARY = "libc++";
				CLANG_ENABLE_MODULES = YES;
				CLANG_ENABLE_OBJC_ARC = YES;
				CLANG_ENABLE_OBJC_WEAK = YES;
				CLANG_WARN_BLOCK_CAPTURE_AUTORELEASING = YES;
				CLANG_WARN_BOOL_CONVERSION = YES;
				CLANG_WARN_COMMA = YES;
				CLANG_WARN_CONSTANT_CONVERSION = YES;
				CLANG_WARN_DEPRECATED_OBJC_IMPLEMENTATIONS = YES;
				CLANG_WARN_DIRECT_OBJC_ISA_USAGE = YES_ERROR;
				CLANG_WARN_DOCUMENTATION_COMMENTS = YES;
				CLANG_WARN_EMPTY_BODY = YES;
				CLANG_WARN_ENUM_CONVERSION = YES;
				CLANG_WARN_INFINITE_RECURSION = YES;
				CLANG_WARN_INT_CONVERSION = YES;
				CLANG_WARN_NON_LITERAL_NULL_CONVERSION = YES;
				CLANG_WARN_OBJC_IMPLICIT_RETAIN_SELF = YES;
				CLANG_WARN_OBJC_LITERAL_CONVERSION = YES;
				CLANG_WARN_OBJC_ROOT_CLASS = YES_ERROR;
				CLANG_WARN_RANGE_LOOP_ANALYSIS = YES;
				CLANG_WARN_STRICT_PROTOTYPES = YES;
				CLANG_WARN_SUSPICIOUS_MOVE = YES;
				CLANG_WARN_UNGUARDED_AVAILABILITY = YES_AGGRESSIVE;
				CLANG_WARN_UNREACHABLE_CODE = YES;
				CLANG_WARN__DUPLICATE_METHOD_MATCH = YES;
				CODE_SIGN_IDENTITY = "iPhone Developer";
				COPY_PHASE_STRIP = NO;
				DEBUG_INFORMATION_FORMAT = dwarf;
				ENABLE_STRICT_OBJC_MSGSEND = YES;
				ENABLE_TESTABILITY = YES;
				GCC_C_LANGUAGE_STANDARD = gnu11;
				GCC_DYNAMIC_NO_PIC = NO;
				GCC_NO_COMMON_BLOCKS = YES;
				GCC_OPTIMIZATION_LEVEL = 0;
				GCC_PREPROCESSOR_DEFINITIONS = (
					"DEBUG=1",
					"$(inherited)",
				);
				GCC_WARN_64_TO_32_BIT_CONVERSION = YES;
				GCC_WARN_ABOUT_RETURN_TYPE = YES_ERROR;
				GCC_WARN_UNDECLARED_SELECTOR = YES;
				GCC_WARN_UNINITIALIZED_AUTOS = YES_AGGRESSIVE;
				GCC_WARN_UNUSED_FUNCTION = YES;
				GCC_WARN_UNUSED_VARIABLE = YES;
				IPHONEOS_DEPLOYMENT_TARGET = 12.1;
				MTL_ENABLE_DEBUG_INFO = INCLUDE_SOURCE;
				MTL_FAST_MATH = YES;
				ONLY_ACTIVE_ARCH = YES;
				SDKROOT = iphoneos;
				SWIFT_ACTIVE_COMPILATION_CONDITIONS = DEBUG;
				SWIFT_OPTIMIZATION_LEVEL = "-Onone";
			};
			name = Debug;
		};
		5592727E22434EBD0029C9DE /* Release */ = {
			isa = XCBuildConfiguration;
			buildSettings = {
				ALWAYS_SEARCH_USER_PATHS = NO;
				CLANG_ANALYZER_NONNULL = YES;
				CLANG_ANALYZER_NUMBER_OBJECT_CONVERSION = YES_AGGRESSIVE;
				CLANG_CXX_LANGUAGE_STANDARD = "gnu++14";
				CLANG_CXX_LIBRARY = "libc++";
				CLANG_ENABLE_MODULES = YES;
				CLANG_ENABLE_OBJC_ARC = YES;
				CLANG_ENABLE_OBJC_WEAK = YES;
				CLANG_WARN_BLOCK_CAPTURE_AUTORELEASING = YES;
				CLANG_WARN_BOOL_CONVERSION = YES;
				CLANG_WARN_COMMA = YES;
				CLANG_WARN_CONSTANT_CONVERSION = YES;
				CLANG_WARN_DEPRECATED_OBJC_IMPLEMENTATIONS = YES;
				CLANG_WARN_DIRECT_OBJC_ISA_USAGE = YES_ERROR;
				CLANG_WARN_DOCUMENTATION_COMMENTS = YES;
				CLANG_WARN_EMPTY_BODY = YES;
				CLANG_WARN_ENUM_CONVERSION = YES;
				CLANG_WARN_INFINITE_RECURSION = YES;
				CLANG_WARN_INT_CONVERSION = YES;
				CLANG_WARN_NON_LITERAL_NULL_CONVERSION = YES;
				CLANG_WARN_OBJC_IMPLICIT_RETAIN_SELF = YES;
				CLANG_WARN_OBJC_LITERAL_CONVERSION = YES;
				CLANG_WARN_OBJC_ROOT_CLASS = YES_ERROR;
				CLANG_WARN_RANGE_LOOP_ANALYSIS = YES;
				CLANG_WARN_STRICT_PROTOTYPES = YES;
				CLANG_WARN_SUSPICIOUS_MOVE = YES;
				CLANG_WARN_UNGUARDED_AVAILABILITY = YES_AGGRESSIVE;
				CLANG_WARN_UNREACHABLE_CODE = YES;
				CLANG_WARN__DUPLICATE_METHOD_MATCH = YES;
				CODE_SIGN_IDENTITY = "iPhone Developer";
				COPY_PHASE_STRIP = NO;
				DEBUG_INFORMATION_FORMAT = "dwarf-with-dsym";
				ENABLE_NS_ASSERTIONS = NO;
				ENABLE_STRICT_OBJC_MSGSEND = YES;
				GCC_C_LANGUAGE_STANDARD = gnu11;
				GCC_NO_COMMON_BLOCKS = YES;
				GCC_WARN_64_TO_32_BIT_CONVERSION = YES;
				GCC_WARN_ABOUT_RETURN_TYPE = YES_ERROR;
				GCC_WARN_UNDECLARED_SELECTOR = YES;
				GCC_WARN_UNINITIALIZED_AUTOS = YES_AGGRESSIVE;
				GCC_WARN_UNUSED_FUNCTION = YES;
				GCC_WARN_UNUSED_VARIABLE = YES;
				IPHONEOS_DEPLOYMENT_TARGET = 12.1;
				MTL_ENABLE_DEBUG_INFO = NO;
				MTL_FAST_MATH = YES;
				SDKROOT = iphoneos;
				SWIFT_COMPILATION_MODE = wholemodule;
				SWIFT_OPTIMIZATION_LEVEL = "-O";
				VALIDATE_PRODUCT = YES;
			};
			name = Release;
		};
		5592728022434EBD0029C9DE /* Debug */ = {
			isa = XCBuildConfiguration;
			buildSettings = {
				ALWAYS_EMBED_SWIFT_STANDARD_LIBRARIES = YES;
				ASSETCATALOG_COMPILER_APPICON_NAME = AppIcon;
				CODE_SIGN_STYLE = Automatic;
				DEVELOPMENT_TEAM = 3BTZN69U72;
				INFOPLIST_FILE = CalculatorApp/Info.plist;
				LD_RUNPATH_SEARCH_PATHS = (
					"$(inherited)",
					"@executable_path/Frameworks",
				);
				PRODUCT_BUNDLE_IDENTIFIER = "jp.co.falcon-tech.CalculatorApp";
				PRODUCT_NAME = "$(TARGET_NAME)";
				SWIFT_VERSION = 4.2;
				TARGETED_DEVICE_FAMILY = "1,2";
			};
			name = Debug;
		};
		5592728122434EBD0029C9DE /* Release */ = {
			isa = XCBuildConfiguration;
			buildSettings = {
				ALWAYS_EMBED_SWIFT_STANDARD_LIBRARIES = YES;
				ASSETCATALOG_COMPILER_APPICON_NAME = AppIcon;
				CODE_SIGN_STYLE = Automatic;
				DEVELOPMENT_TEAM = 3BTZN69U72;
				INFOPLIST_FILE = CalculatorApp/Info.plist;
				LD_RUNPATH_SEARCH_PATHS = (
					"$(inherited)",
					"@executable_path/Frameworks",
				);
				PRODUCT_BUNDLE_IDENTIFIER = "jp.co.falcon-tech.CalculatorApp";
				PRODUCT_NAME = "$(TARGET_NAME)";
				SWIFT_VERSION = 4.2;
				TARGETED_DEVICE_FAMILY = "1,2";
			};
			name = Release;
		};
		5592729F2245DE610029C9DE /* Debug */ = {
			isa = XCBuildConfiguration;
			buildSettings = {
				CLANG_ENABLE_MODULES = YES;
				CODE_SIGN_IDENTITY = "";
				CODE_SIGN_STYLE = Automatic;
				CURRENT_PROJECT_VERSION = 1;
				DEFINES_MODULE = YES;
				DEVELOPMENT_TEAM = 3BTZN69U72;
				DYLIB_COMPATIBILITY_VERSION = 1;
				DYLIB_CURRENT_VERSION = 1;
				DYLIB_INSTALL_NAME_BASE = "@rpath";
				INFOPLIST_FILE = Calculator/Info.plist;
				INSTALL_PATH = "$(LOCAL_LIBRARY_DIR)/Frameworks";
				LD_RUNPATH_SEARCH_PATHS = (
					"$(inherited)",
					"@executable_path/Frameworks",
					"@loader_path/Frameworks",
				);
				PRODUCT_BUNDLE_IDENTIFIER = "jp.co.falcon-tech.Calculator";
				PRODUCT_NAME = "$(TARGET_NAME:c99extidentifier)";
				SKIP_INSTALL = YES;
				SWIFT_OPTIMIZATION_LEVEL = "-Onone";
				SWIFT_VERSION = 4.2;
				TARGETED_DEVICE_FAMILY = "1,2";
				VERSIONING_SYSTEM = "apple-generic";
				VERSION_INFO_PREFIX = "";
			};
			name = Debug;
		};
		559272A02245DE610029C9DE /* Release */ = {
			isa = XCBuildConfiguration;
			buildSettings = {
				CLANG_ENABLE_MODULES = YES;
				CODE_SIGN_IDENTITY = "";
				CODE_SIGN_STYLE = Automatic;
				CURRENT_PROJECT_VERSION = 1;
				DEFINES_MODULE = YES;
				DEVELOPMENT_TEAM = 3BTZN69U72;
				DYLIB_COMPATIBILITY_VERSION = 1;
				DYLIB_CURRENT_VERSION = 1;
				DYLIB_INSTALL_NAME_BASE = "@rpath";
				INFOPLIST_FILE = Calculator/Info.plist;
				INSTALL_PATH = "$(LOCAL_LIBRARY_DIR)/Frameworks";
				LD_RUNPATH_SEARCH_PATHS = (
					"$(inherited)",
					"@executable_path/Frameworks",
					"@loader_path/Frameworks",
				);
				PRODUCT_BUNDLE_IDENTIFIER = "jp.co.falcon-tech.Calculator";
				PRODUCT_NAME = "$(TARGET_NAME:c99extidentifier)";
				SKIP_INSTALL = YES;
				SWIFT_VERSION = 4.2;
				TARGETED_DEVICE_FAMILY = "1,2";
				VERSIONING_SYSTEM = "apple-generic";
				VERSION_INFO_PREFIX = "";
			};
			name = Release;
		};
		559272A32245DE610029C9DE /* Debug */ = {
			isa = XCBuildConfiguration;
			buildSettings = {
				ALWAYS_EMBED_SWIFT_STANDARD_LIBRARIES = YES;
				CODE_SIGN_STYLE = Automatic;
				DEVELOPMENT_TEAM = 3BTZN69U72;
				INFOPLIST_FILE = CalculatorTests/Info.plist;
				LD_RUNPATH_SEARCH_PATHS = (
					"$(inherited)",
					"@executable_path/Frameworks",
					"@loader_path/Frameworks",
				);
				PRODUCT_BUNDLE_IDENTIFIER = "jp.co.falcon-tech.CalculatorTests";
				PRODUCT_NAME = "$(TARGET_NAME)";
				SWIFT_VERSION = 4.2;
				TARGETED_DEVICE_FAMILY = "1,2";
				TEST_HOST = "$(BUILT_PRODUCTS_DIR)/CalculatorApp.app/CalculatorApp";
			};
			name = Debug;
		};
		559272A42245DE610029C9DE /* Release */ = {
			isa = XCBuildConfiguration;
			buildSettings = {
				ALWAYS_EMBED_SWIFT_STANDARD_LIBRARIES = YES;
				CODE_SIGN_STYLE = Automatic;
				DEVELOPMENT_TEAM = 3BTZN69U72;
				INFOPLIST_FILE = CalculatorTests/Info.plist;
				LD_RUNPATH_SEARCH_PATHS = (
					"$(inherited)",
					"@executable_path/Frameworks",
					"@loader_path/Frameworks",
				);
				PRODUCT_BUNDLE_IDENTIFIER = "jp.co.falcon-tech.CalculatorTests";
				PRODUCT_NAME = "$(TARGET_NAME)";
				SWIFT_VERSION = 4.2;
				TARGETED_DEVICE_FAMILY = "1,2";
				TEST_HOST = "$(BUILT_PRODUCTS_DIR)/CalculatorApp.app/CalculatorApp";
			};
			name = Release;
		};
/* End XCBuildConfiguration section */

/* Begin XCConfigurationList section */
		5592726822434EBB0029C9DE /* Build configuration list for PBXProject "CalculatorApp" */ = {
			isa = XCConfigurationList;
			buildConfigurations = (
				5592727D22434EBD0029C9DE /* Debug */,
				5592727E22434EBD0029C9DE /* Release */,
			);
			defaultConfigurationIsVisible = 0;
			defaultConfigurationName = Release;
		};
		5592727F22434EBD0029C9DE /* Build configuration list for PBXNativeTarget "CalculatorApp" */ = {
			isa = XCConfigurationList;
			buildConfigurations = (
				5592728022434EBD0029C9DE /* Debug */,
				5592728122434EBD0029C9DE /* Release */,
			);
			defaultConfigurationIsVisible = 0;
			defaultConfigurationName = Release;
		};
		5592729E2245DE610029C9DE /* Build configuration list for PBXNativeTarget "Calculator" */ = {
			isa = XCConfigurationList;
			buildConfigurations = (
				5592729F2245DE610029C9DE /* Debug */,
				559272A02245DE610029C9DE /* Release */,
			);
			defaultConfigurationIsVisible = 0;
			defaultConfigurationName = Release;
		};
		559272A22245DE610029C9DE /* Build configuration list for PBXNativeTarget "CalculatorTests" */ = {
			isa = XCConfigurationList;
			buildConfigurations = (
				559272A32245DE610029C9DE /* Debug */,
				559272A42245DE610029C9DE /* Release */,
			);
			defaultConfigurationIsVisible = 0;
			defaultConfigurationName = Release;
		};
/* End XCConfigurationList section */
	};
	rootObject = 5592726522434EBB0029C9DE /* Project object */;
}
